
Microsoft Visual Studio Solution File, Format Version 12.00
# Visual Studio Version 16
VisualStudioVersion = 16.0.29123.88
MinimumVisualStudioVersion = 10.0.40219.1
Project("{FAE04EC0-301F-11D3-BF4B-00C04F79EFBC}") = "mohit va masahat dayere", "mohit va masahat dayere\mohit va masahat dayere.csproj", "{99673379-413D-4DE9-8522-CF57325C9CA3}"
EndProject
Global
	GlobalSection(SolutionConfigurationPlatforms) = preSolution
		Debug|Any CPU = Debug|Any CPU
		Release|Any CPU = Release|Any CPU
	EndGlobalSection
	GlobalSection(ProjectConfigurationPlatforms) = postSolution
		{99673379-413D-4DE9-8522-CF57325C9CA3}.Debug|Any CPU.ActiveCfg = Debug|Any CPU
		{99673379-413D-4DE9-8522-CF57325C9CA3}.Debug|Any CPU.Build.0 = Debug|Any CPU
		{99673379-413D-4DE9-8522-CF57325C9CA3}.Release|Any CPU.ActiveCfg = Release|Any CPU
		{99673379-413D-4DE9-8522-CF57325C9CA3}.Release|Any CPU.Build.0 = Release|Any CPU
	EndGlobalSection
	GlobalSection(SolutionProperties) = preSolution
		HideSolutionNode = FALSE
	EndGlobalSection
	GlobalSection(ExtensibilityGlobals) = postSolution
		SolutionGuid = {E6CB6009-B071-43D7-ADD5-29A8B2208390}
	EndGlobalSection
EndGlobal
